
Microsoft Visual Studio Solution File, Format Version 12.00
# Visual Studio 15
VisualStudioVersion = 15.0.27004.2002
MinimumVisualStudioVersion = 10.0.40219.1
Project("{8BC9CEB8-8B4A-11D0-8D11-00A0C91BC942}") = "StockApp1", "StockApp1\StockApp1.vcxproj", "{C7CB92A1-A7E8-4940-925D-3CD874D24D50}"
EndProject
Global
	GlobalSection(SolutionConfigurationPlatforms) = preSolution
		Debug|x64 = Debug|x64
		Debug|x86 = Debug|x86
		Release|x64 = Release|x64
		Release|x86 = Release|x86
	EndGlobalSection
	GlobalSection(ProjectConfigurationPlatforms) = postSolution
		{C7CB92A1-A7E8-4940-925D-3CD874D24D50}.Debug|x64.ActiveCfg = Debug|x64
		{C7CB92A1-A7E8-4940-925D-3CD874D24D50}.Debug|x64.Build.0 = Debug|x64
		{C7CB92A1-A7E8-4940-925D-3CD874D24D50}.Debug|x86.ActiveCfg = Debug|Win32
		{C7CB92A1-A7E8-4940-925D-3CD874D24D50}.Debug|x86.Build.0 = Debug|Win32
		{C7CB92A1-A7E8-4940-925D-3CD874D24D50}.Release|x64.ActiveCfg = Release|x64
		{C7CB92A1-A7E8-4940-925D-3CD874D24D50}.Release|x64.Build.0 = Release|x64
		{C7CB92A1-A7E8-4940-925D-3CD874D24D50}.Release|x86.ActiveCfg = Release|Win32
		{C7CB92A1-A7E8-4940-925D-3CD874D24D50}.Release|x86.Build.0 = Release|Win32
	EndGlobalSection
	GlobalSection(SolutionProperties) = preSolution
		HideSolutionNode = FALSE
	EndGlobalSection
	GlobalSection(ExtensibilityGlobals) = postSolution
		SolutionGuid = {5A679D6E-D56C-4D18-9735-78611DD227B2}
	EndGlobalSection
EndGlobal
